// !$*UTF8*$!
{
	archiveVersion = 1;
	classes = {
	};
	objectVersion = 46;
	objects = {

/* Begin PBXBuildFile section */
		069A685019F1FAAB00B7A334 /* AppDelegate.swift in Sources */ = {isa = PBXBuildFile; fileRef = 069A684F19F1FAAB00B7A334 /* AppDelegate.swift */; };
		069A685219F1FAAB00B7A334 /* ViewController.swift in Sources */ = {isa = PBXBuildFile; fileRef = 069A685119F1FAAB00B7A334 /* ViewController.swift */; };
		069A685519F1FAAB00B7A334 /* Main.storyboard in Resources */ = {isa = PBXBuildFile; fileRef = 069A685319F1FAAB00B7A334 /* Main.storyboard */; };
		069A685719F1FAAB00B7A334 /* Images.xcassets in Resources */ = {isa = PBXBuildFile; fileRef = 069A685619F1FAAB00B7A334 /* Images.xcassets */; };
		069A685A19F1FAAB00B7A334 /* LaunchScreen.xib in Resources */ = {isa = PBXBuildFile; fileRef = 069A685819F1FAAB00B7A334 /* LaunchScreen.xib */; };
		069A686619F1FAAB00B7A334 /* SlotMachineTests.swift in Sources */ = {isa = PBXBuildFile; fileRef = 069A686519F1FAAB00B7A334 /* SlotMachineTests.swift */; };
/* End PBXBuildFile section */

/* Begin PBXContainerItemProxy section */
		069A686019F1FAAB00B7A334 /* PBXContainerItemProxy */ = {
			isa = PBXContainerItemProxy;
			containerPortal = 069A684219F1FAAB00B7A334 /* Project object */;
			proxyType = 1;
			remoteGlobalIDString = 069A684919F1FAAB00B7A334;
			remoteInfo = SlotMachine;
		};
/* End PBXContainerItemProxy section */

/* Begin PBXFileReference section */
		069A684A19F1FAAB00B7A334 /* SlotMachine.app */ = {isa = PBXFileReference; explicitFileType = wrapper.application; includeInIndex = 0; path = SlotMachine.app; sourceTree = BUILT_PRODUCTS_DIR; };
		069A684E19F1FAAB00B7A334 /* Info.plist */ = {isa = PBXFileReference; lastKnownFileType = text.plist.xml; path = Info.plist; sourceTree = "<group>"; };
		069A684F19F1FAAB00B7A334 /* AppDelegate.swift */ = {isa = PBXFileReference; lastKnownFileType = sourcecode.swift; path = AppDelegate.swift; sourceTree = "<group>"; };
		069A685119F1FAAB00B7A334 /* ViewController.swift */ = {isa = PBXFileReference; lastKnownFileType = sourcecode.swift; path = ViewController.swift; sourceTree = "<group>"; };
		069A685419F1FAAB00B7A334 /* Base */ = {isa = PBXFileReference; lastKnownFileType = file.storyboard; name = Base; path = Base.lproj/Main.storyboard; sourceTree = "<group>"; };
		069A685619F1FAAB00B7A334 /* Images.xcassets */ = {isa = PBXFileReference; lastKnownFileType = folder.assetcatalog; path = Images.xcassets; sourceTree = "<group>"; };
		069A685919F1FAAB00B7A334 /* Base */ = {isa = PBXFileReference; lastKnownFileType = file.xib; name = Base; path = Base.lproj/LaunchScreen.xib; sourceTree = "<group>"; };
		069A685F19F1FAAB00B7A334 /* SlotMachineTests.xctest */ = {isa = PBXFileReference; explicitFileType = wrapper.cfbundle; includeInIndex = 0; path = SlotMachineTests.xctest; sourceTree = BUILT_PRODUCTS_DIR; };
		069A686419F1FAAB00B7A334 /* Info.plist */ = {isa = PBXFileReference; lastKnownFileType = text.plist.xml; path = Info.plist; sourceTree = "<group>"; };
		069A686519F1FAAB00B7A334 /* SlotMachineTests.swift */ = {isa = PBXFileReference; lastKnownFileType = sourcecode.swift; path = SlotMachineTests.swift; sourceTree = "<group>"; };
/* End PBXFileReference section */

/* Begin PBXFrameworksBuildPhase section */
		069A684719F1FAAB00B7A334 /* Frameworks */ = {
			isa = PBXFrameworksBuildPhase;
			buildActionMask = 2147483647;
			files = (
			);
			runOnlyForDeploymentPostprocessing = 0;
		};
		069A685C19F1FAAB00B7A334 /* Frameworks */ = {
			isa = PBXFrameworksBuildPhase;
			buildActionMask = 2147483647;
			files = (
			);
			runOnlyForDeploymentPostprocessing = 0;
		};
/* End PBXFrameworksBuildPhase section */

/* Begin PBXGroup section */
		069A684119F1FAAB00B7A334 = {
			isa = PBXGroup;
			children = (
				069A684C19F1FAAB00B7A334 /* SlotMachine */,
				069A686219F1FAAB00B7A334 /* SlotMachineTests */,
				069A684B19F1FAAB00B7A334 /* Products */,
			);
			sourceTree = "<group>";
		};
		069A684B19F1FAAB00B7A334 /* Products */ = {
			isa = PBXGroup;
			children = (
				069A684A19F1FAAB00B7A334 /* SlotMachine.app */,
				069A685F19F1FAAB00B7A334 /* SlotMachineTests.xctest */,
			);
			name = Products;
			sourceTree = "<group>";
		};
		069A684C19F1FAAB00B7A334 /* SlotMachine */ = {
			isa = PBXGroup;
			children = (
				069A684F19F1FAAB00B7A334 /* AppDelegate.swift */,
				069A685119F1FAAB00B7A334 /* ViewController.swift */,
				069A685319F1FAAB00B7A334 /* Main.storyboard */,
				069A685619F1FAAB00B7A334 /* Images.xcassets */,
				069A685819F1FAAB00B7A334 /* LaunchScreen.xib */,
				069A684D19F1FAAB00B7A334 /* Supporting Files */,
			);
			path = SlotMachine;
			sourceTree = "<group>";
		};
		069A684D19F1FAAB00B7A334 /* Supporting Files */ = {
			isa = PBXGroup;
			children = (
				069A684E19F1FAAB00B7A334 /* Info.plist */,
			);
			name = "Supporting Files";
			sourceTree = "<group>";
		};
		069A686219F1FAAB00B7A334 /* SlotMachineTests */ = {
			isa = PBXGroup;
			children = (
				069A686519F1FAAB00B7A334 /* SlotMachineTests.swift */,
				069A686319F1FAAB00B7A334 /* Supporting Files */,
			);
			path = SlotMachineTests;
			sourceTree = "<group>";
		};
		069A686319F1FAAB00B7A334 /* Supporting Files */ = {
			isa = PBXGroup;
			children = (
				069A686419F1FAAB00B7A334 /* Info.plist */,
			);
			name = "Supporting Files";
			sourceTree = "<group>";
		};
/* End PBXGroup section */

/* Begin PBXNativeTarget section */
		069A684919F1FAAB00B7A334 /* SlotMachine */ = {
			isa = PBXNativeTarget;
			buildConfigurationList = 069A686919F1FAAB00B7A334 /* Build configuration list for PBXNativeTarget "SlotMachine" */;
			buildPhases = (
				069A684619F1FAAB00B7A334 /* Sources */,
				069A684719F1FAAB00B7A334 /* Frameworks */,
				069A684819F1FAAB00B7A334 /* Resources */,
			);
			buildRules = (
			);
			dependencies = (
			);
			name = SlotMachine;
			productName = SlotMachine;
			productReference = 069A684A19F1FAAB00B7A334 /* SlotMachine.app */;
			productType = "com.apple.product-type.application";
		};
		069A685E19F1FAAB00B7A334 /* SlotMachineTests */ = {
			isa = PBXNativeTarget;
			buildConfigurationList = 069A686C19F1FAAB00B7A334 /* Build configuration list for PBXNativeTarget "SlotMachineTests" */;
			buildPhases = (
				069A685B19F1FAAB00B7A334 /* Sources */,
				069A685C19F1FAAB00B7A334 /* Frameworks */,
				069A685D19F1FAAB00B7A334 /* Resources */,
			);
			buildRules = (
			);
			dependencies = (
				069A686119F1FAAB00B7A334 /* PBXTargetDependency */,
			);
			name = SlotMachineTests;
			productName = SlotMachineTests;
			productReference = 069A685F19F1FAAB00B7A334 /* SlotMachineTests.xctest */;
			productType = "com.apple.product-type.bundle.unit-test";
		};
/* End PBXNativeTarget section */

/* Begin PBXProject section */
		069A684219F1FAAB00B7A334 /* Project object */ = {
			isa = PBXProject;
			attributes = {
				LastUpgradeCheck = 0600;
				ORGANIZATIONNAME = "ManDevil Programming";
				TargetAttributes = {
					069A684919F1FAAB00B7A334 = {
						CreatedOnToolsVersion = 6.0.1;
					};
					069A685E19F1FAAB00B7A334 = {
						CreatedOnToolsVersion = 6.0.1;
						TestTargetID = 069A684919F1FAAB00B7A334;
					};
				};
			};
			buildConfigurationList = 069A684519F1FAAB00B7A334 /* Build configuration list for PBXProject "SlotMachine" */;
			compatibilityVersion = "Xcode 3.2";
			developmentRegion = English;
			hasScannedForEncodings = 0;
			knownRegions = (
				en,
				Base,
			);
			mainGroup = 069A684119F1FAAB00B7A334;
			productRefGroup = 069A684B19F1FAAB00B7A334 /* Products */;
			projectDirPath = "";
			projectRoot = "";
			targets = (
				069A684919F1FAAB00B7A334 /* SlotMachine */,
				069A685E19F1FAAB00B7A334 /* SlotMachineTests */,
			);
		};
/* End PBXProject section */

/* Begin PBXResourcesBuildPhase section */
		069A684819F1FAAB00B7A334 /* Resources */ = {
			isa = PBXResourcesBuildPhase;
			buildActionMask = 2147483647;
			files = (
				069A685519F1FAAB00B7A334 /* Main.storyboard in Resources */,
				069A685A19F1FAAB00B7A334 /* LaunchScreen.xib in Resources */,
				069A685719F1FAAB00B7A334 /* Images.xcassets in Resources */,
			);
			runOnlyForDeploymentPostprocessing = 0;
		};
		069A685D19F1FAAB00B7A334 /* Resources */ = {
			isa = PBXResourcesBuildPhase;
			buildActionMask = 2147483647;
			files = (
			);
			runOnlyForDeploymentPostprocessing = 0;
		};
/* End PBXResourcesBuildPhase section */

/* Begin PBXSourcesBuildPhase section */
		069A684619F1FAAB00B7A334 /* Sources */ = {
			isa = PBXSourcesBuildPhase;
			buildActionMask = 2147483647;
			files = (
				069A685219F1FAAB00B7A334 /* ViewController.swift in Sources */,
				069A685019F1FAAB00B7A334 /* AppDelegate.swift in Sources */,
			);
			runOnlyForDeploymentPostprocessing = 0;
		};
		069A685B19F1FAAB00B7A334 /* Sources */ = {
			isa = PBXSourcesBuildPhase;
			buildActionMask = 2147483647;
			files = (
				069A686619F1FAAB00B7A334 /* SlotMachineTests.swift in Sources */,
			);
			runOnlyForDeploymentPostprocessing = 0;
		};
/* End PBXSourcesBuildPhase section */

/* Begin PBXTargetDependency section */
		069A686119F1FAAB00B7A334 /* PBXTargetDependency */ = {
			isa = PBXTargetDependency;
			target = 069A684919F1FAAB00B7A334 /* SlotMachine */;
			targetProxy = 069A686019F1FAAB00B7A334 /* PBXContainerItemProxy */;
		};
/* End PBXTargetDependency section */

/* Begin PBXVariantGroup section */
		069A685319F1FAAB00B7A334 /* Main.storyboard */ = {
			isa = PBXVariantGroup;
			children = (
				069A685419F1FAAB00B7A334 /* Base */,
			);
			name = Main.storyboard;
			sourceTree = "<group>";
		};
		069A685819F1FAAB00B7A334 /* LaunchScreen.xib */ = {
			isa = PBXVariantGroup;
			children = (
				069A685919F1FAAB00B7A334 /* Base */,
			);
			name = LaunchScreen.xib;
			sourceTree = "<group>";
		};
/* End PBXVariantGroup section */

/* Begin XCBuildConfiguration section */
		069A686719F1FAAB00B7A334 /* Debug */ = {
			isa = XCBuildConfiguration;
			buildSettings = {
				ALWAYS_SEARCH_USER_PATHS = NO;
				CLANG_CXX_LANGUAGE_STANDARD = "gnu++0x";
				CLANG_CXX_LIBRARY = "libc++";
				CLANG_ENABLE_MODULES = YES;
				CLANG_ENABLE_OBJC_ARC = YES;
				CLANG_WARN_BOOL_CONVERSION = YES;
				CLANG_WARN_CONSTANT_CONVERSION = YES;
				CLANG_WARN_DIRECT_OBJC_ISA_USAGE = YES_ERROR;
				CLANG_WARN_EMPTY_BODY = YES;
				CLANG_WARN_ENUM_CONVERSION = YES;
				CLANG_WARN_INT_CONVERSION = YES;
				CLANG_WARN_OBJC_ROOT_CLASS = YES_ERROR;
				CLANG_WARN_UNREACHABLE_CODE = YES;
				CLANG_WARN__DUPLICATE_METHOD_MATCH = YES;
				"CODE_SIGN_IDENTITY[sdk=iphoneos*]" = "iPhone Developer";
				COPY_PHASE_STRIP = NO;
				ENABLE_STRICT_OBJC_MSGSEND = YES;
				GCC_C_LANGUAGE_STANDARD = gnu99;
				GCC_DYNAMIC_NO_PIC = NO;
				GCC_OPTIMIZATION_LEVEL = 0;
				GCC_PREPROCESSOR_DEFINITIONS = (
					"DEBUG=1",
					"$(inherited)",
				);
				GCC_SYMBOLS_PRIVATE_EXTERN = NO;
				GCC_WARN_64_TO_32_BIT_CONVERSION = YES;
				GCC_WARN_ABOUT_RETURN_TYPE = YES_ERROR;
				GCC_WARN_UNDECLARED_SELECTOR = YES;
				GCC_WARN_UNINITIALIZED_AUTOS = YES_AGGRESSIVE;
				GCC_WARN_UNUSED_FUNCTION = YES;
				GCC_WARN_UNUSED_VARIABLE = YES;
				IPHONEOS_DEPLOYMENT_TARGET = 8.0;
				MTL_ENABLE_DEBUG_INFO = YES;
				ONLY_ACTIVE_ARCH = YES;
				SDKROOT = iphoneos;
				SWIFT_OPTIMIZATION_LEVEL = "-Onone";
				TARGETED_DEVICE_FAMILY = "1,2";
			};
			name = Debug;
		};
		069A686819F1FAAB00B7A334 /* Release */ = {
			isa = XCBuildConfiguration;
			buildSettings = {
				ALWAYS_SEARCH_USER_PATHS = NO;
				CLANG_CXX_LANGUAGE_STANDARD = "gnu++0x";
				CLANG_CXX_LIBRARY = "libc++";
				CLANG_ENABLE_MODULES = YES;
				CLANG_ENABLE_OBJC_ARC = YES;
				CLANG_WARN_BOOL_CONVERSION = YES;
				CLANG_WARN_CONSTANT_CONVERSION = YES;
				CLANG_WARN_DIRECT_OBJC_ISA_USAGE = YES_ERROR;
				CLANG_WARN_EMPTY_BODY = YES;
				CLANG_WARN_ENUM_CONVERSION = YES;
				CLANG_WARN_INT_CONVERSION = YES;
				CLANG_WARN_OBJC_ROOT_CLASS = YES_ERROR;
				CLANG_WARN_UNREACHABLE_CODE = YES;
				CLANG_WARN__DUPLICATE_METHOD_MATCH = YES;
				"CODE_SIGN_IDENTITY[sdk=iphoneos*]" = "iPhone Developer";
				COPY_PHASE_STRIP = YES;
				ENABLE_NS_ASSERTIONS = NO;
				ENABLE_STRICT_OBJC_MSGSEND = YES;
				GCC_C_LANGUAGE_STANDARD = gnu99;
				GCC_WARN_64_TO_32_BIT_CONVERSION = YES;
				GCC_WARN_ABOUT_RETURN_TYPE = YES_ERROR;
				GCC_WARN_UNDECLARED_SELECTOR = YES;
				GCC_WARN_UNINITIALIZED_AUTOS = YES_AGGRESSIVE;
				GCC_WARN_UNUSED_FUNCTION = YES;
				GCC_WARN_UNUSED_VARIABLE = YES;
				IPHONEOS_DEPLOYMENT_TARGET = 8.0;
				MTL_ENABLE_DEBUG_INFO = NO;
				SDKROOT = iphoneos;
				TARGETED_DEVICE_FAMILY = "1,2";
				VALIDATE_PRODUCT = YES;
			};
			name = Release;
		};
		069A686A19F1FAAB00B7A334 /* Debug */ = {
			isa = XCBuildConfiguration;
			buildSettings = {
				ASSETCATALOG_COMPILER_APPICON_NAME = AppIcon;
				INFOPLIST_FILE = SlotMachine/Info.plist;
				LD_RUNPATH_SEARCH_PATHS = "$(inherited) @executable_path/Frameworks";
				PRODUCT_NAME = "$(TARGET_NAME)";
			};
			name = Debug;
		};
		069A686B19F1FAAB00B7A334 /* Release */ = {
			isa = XCBuildConfiguration;
			buildSettings = {
				ASSETCATALOG_COMPILER_APPICON_NAME = AppIcon;
				INFOPLIST_FILE = SlotMachine/Info.plist;
				LD_RUNPATH_SEARCH_PATHS = "$(inherited) @executable_path/Frameworks";
				PRODUCT_NAME = "$(TARGET_NAME)";
			};
			name = Release;
		};
		069A686D19F1FAAB00B7A334 /* Debug */ = {
			isa = XCBuildConfiguration;
			buildSettings = {
				BUNDLE_LOADER = "$(TEST_HOST)";
				FRAMEWORK_SEARCH_PATHS = (
					"$(SDKROOT)/Developer/Library/Frameworks",
					"$(inherited)",
				);
				GCC_PREPROCESSOR_DEFINITIONS = (
					"DEBUG=1",
					"$(inherited)",
				);
				INFOPLIST_FILE = SlotMachineTests/Info.plist;
				LD_RUNPATH_SEARCH_PATHS = "$(inherited) @executable_path/Frameworks @loader_path/Frameworks";
				PRODUCT_NAME = "$(TARGET_NAME)";
				TEST_HOST = "$(BUILT_PRODUCTS_DIR)/SlotMachine.app/SlotMachine";
			};
			name = Debug;
		};
		069A686E19F1FAAB00B7A334 /* Release */ = {
			isa = XCBuildConfiguration;
			buildSettings = {
				BUNDLE_LOADER = "$(TEST_HOST)";
				FRAMEWORK_SEARCH_PATHS = (
					"$(SDKROOT)/Developer/Library/Frameworks",
					"$(inherited)",
				);
				INFOPLIST_FILE = SlotMachineTests/Info.plist;
				LD_RUNPATH_SEARCH_PATHS = "$(inherited) @executable_path/Frameworks @loader_path/Frameworks";
				PRODUCT_NAME = "$(TARGET_NAME)";
				TEST_HOST = "$(BUILT_PRODUCTS_DIR)/SlotMachine.app/SlotMachine";
			};
			name = Release;
		};
/* End XCBuildConfiguration section */

/* Begin XCConfigurationList section */
		069A684519F1FAAB00B7A334 /* Build configuration list for PBXProject "SlotMachine" */ = {
			isa = XCConfigurationList;
			buildConfigurations = (
				069A686719F1FAAB00B7A334 /* Debug */,
				069A686819F1FAAB00B7A334 /* Release */,
			);
			defaultConfigurationIsVisible = 0;
			defaultConfigurationName = Release;
		};
		069A686919F1FAAB00B7A334 /* Build configuration list for PBXNativeTarget "SlotMachine" */ = {
			isa = XCConfigurationList;
			buildConfigurations = (
				069A686A19F1FAAB00B7A334 /* Debug */,
				069A686B19F1FAAB00B7A334 /* Release */,
			);
			defaultConfigurationIsVisible = 0;
		};
		069A686C19F1FAAB00B7A334 /* Build configuration list for PBXNativeTarget "SlotMachineTests" */ = {
			isa = XCConfigurationList;
			buildConfigurations = (
				069A686D19F1FAAB00B7A334 /* Debug */,
				069A686E19F1FAAB00B7A334 /* Release */,
			);
			defaultConfigurationIsVisible = 0;
		};
/* End XCConfigurationList section */
	};
	rootObject = 069A684219F1FAAB00B7A334 /* Project object */;
}
